
Microsoft Visual Studio Solution File, Format Version 12.00
# Visual Studio Version 17
VisualStudioVersion = 17.6.33829.357
MinimumVisualStudioVersion = 10.0.40219.1
Project("{FAE04EC0-301F-11D3-BF4B-00C04F79EFBC}") = "P329PaymentWithEpul", "P329PaymentWithEpul\P329PaymentWithEpul.csproj", "{363D1486-8168-4638-9FEF-B913596D0CED}"
EndProject
Global
	GlobalSection(SolutionConfigurationPlatforms) = preSolution
		Debug|Any CPU = Debug|Any CPU
		Release|Any CPU = Release|Any CPU
	EndGlobalSection
	GlobalSection(ProjectConfigurationPlatforms) = postSolution
		{363D1486-8168-4638-9FEF-B913596D0CED}.Debug|Any CPU.ActiveCfg = Debug|Any CPU
		{363D1486-8168-4638-9FEF-B913596D0CED}.Debug|Any CPU.Build.0 = Debug|Any CPU
		{363D1486-8168-4638-9FEF-B913596D0CED}.Release|Any CPU.ActiveCfg = Release|Any CPU
		{363D1486-8168-4638-9FEF-B913596D0CED}.Release|Any CPU.Build.0 = Release|Any CPU
	EndGlobalSection
	GlobalSection(SolutionProperties) = preSolution
		HideSolutionNode = FALSE
	EndGlobalSection
	GlobalSection(ExtensibilityGlobals) = postSolution
		SolutionGuid = {E3F0B93B-C199-45F7-8102-F827EA27FFD7}
	EndGlobalSection
EndGlobal
